
Microsoft Visual Studio Solution File, Format Version 12.00
# Visual Studio 15
VisualStudioVersion = 15.0.27703.2018
MinimumVisualStudioVersion = 10.0.40219.1
Project("{FAE04EC0-301F-11D3-BF4B-00C04F79EFBC}") = "area3", "area3\area3.csproj", "{DA52609C-9B15-4D73-B22E-717B4818F710}"
EndProject
Global
	GlobalSection(SolutionConfigurationPlatforms) = preSolution
		Debug|Any CPU = Debug|Any CPU
		Release|Any CPU = Release|Any CPU
	EndGlobalSection
	GlobalSection(ProjectConfigurationPlatforms) = postSolution
		{DA52609C-9B15-4D73-B22E-717B4818F710}.Debug|Any CPU.ActiveCfg = Debug|Any CPU
		{DA52609C-9B15-4D73-B22E-717B4818F710}.Debug|Any CPU.Build.0 = Debug|Any CPU
		{DA52609C-9B15-4D73-B22E-717B4818F710}.Release|Any CPU.ActiveCfg = Release|Any CPU
		{DA52609C-9B15-4D73-B22E-717B4818F710}.Release|Any CPU.Build.0 = Release|Any CPU
	EndGlobalSection
	GlobalSection(SolutionProperties) = preSolution
		HideSolutionNode = FALSE
	EndGlobalSection
	GlobalSection(ExtensibilityGlobals) = postSolution
		SolutionGuid = {D9D3176A-42A5-4E39-A79B-2873C1DC1F50}
	EndGlobalSection
EndGlobal
